<?xml version="1.0" encoding="utf-8"?>
<Project ToolsVersion="4.0" xmlns="http://schemas.microsoft.com/developer/msbuild/2003">
  <ItemGroup>
    <Filter Include="Kaynak Dosyalar">
      <UniqueIdentifier>{4FC737F1-C7A5-4376-A066-2A32D752A2FF}</UniqueIdentifier>
      <Extensions>cpp;c;cc;cxx;c++;cppm;ixx;def;odl;idl;hpj;bat;asm;asmx</Extensions>
    </Filter>
    <Filter Include="Üst Bilgi Dosyaları">
      <UniqueIdentifier>{93995380-89BD-4b04-88EB-625FBE52EBFB}</UniqueIdentifier>
      <Extensions>h;hh;hpp;hxx;h++;hm;inl;inc;ipp;xsd</Extensions>
    </Filter>
    <Filter Include="Kaynak Dosyaları">
      <UniqueIdentifier>{67DA6AB6-F800-4c08-8B7A-83BB121AAD01}</UniqueIdentifier>
      <Extensions>rc;ico;cur;bmp;dlg;rc2;rct;bin;rgs;gif;jpg;jpeg;jpe;resx;tiff;tif;png;wav;mfcribbon-ms</Extensions>
    </Filter>
    <Filter Include="Kaynak Dosyalar\BasicCommands">
      <UniqueIdentifier>{f6f2df52-c55d-4320-b5d1-cc2f8f555df2}</UniqueIdentifier>
    </Filter>
    <Filter Include="Kaynak Dosyalar\Functions">
      <UniqueIdentifier>{9da7448c-d24c-4b29-a605-681a7c9f80cf}</UniqueIdentifier>
    </Filter>
    <Filter Include="Kaynak Dosyalar\OOP">
      <UniqueIdentifier>{a551e6f9-5f21-4b75-991c-716b1aa17a53}</UniqueIdentifier>
    </Filter>
  </ItemGroup>
  <ItemGroup>
    <ClCompile Include="6Array.cpp">
      <Filter>Kaynak Dosyalar\BasicCommands</Filter>
    </ClCompile>
    <ClCompile Include="5For.cpp">
      <Filter>Kaynak Dosyalar\BasicCommands</Filter>
    </ClCompile>
    <ClCompile Include="4If.cpp">
      <Filter>Kaynak Dosyalar\BasicCommands</Filter>
    </ClCompile>
    <ClCompile Include="2PassByPointer.cpp">
      <Filter>Kaynak Dosyalar\BasicCommands</Filter>
    </ClCompile>
    <ClCompile Include="3PointerRamMemory.cpp">
      <Filter>Kaynak Dosyalar\BasicCommands</Filter>
    </ClCompile>
    <ClCompile Include="1SinusRadientToDegree.cpp">
      <Filter>Kaynak Dosyalar\BasicCommands</Filter>
    </ClCompile>
    <ClCompile Include="8SwitchCase.cpp">
      <Filter>Kaynak Dosyalar\BasicCommands</Filter>
    </ClCompile>
    <ClCompile Include="7while.cpp">
      <Filter>Kaynak Dosyalar\BasicCommands</Filter>
    </ClCompile>
    <ClCompile Include="9BasicVoid.cpp">
      <Filter>Kaynak Dosyalar\Functions</Filter>
    </ClCompile>
    <ClCompile Include="10VoidImportantInfo.cpp">
      <Filter>Kaynak Dosyalar\Functions</Filter>
    </ClCompile>
    <ClCompile Include="11PointerRealValueChg.cpp">
      <Filter>Kaynak Dosyalar\Functions</Filter>
    </ClCompile>
    <ClCompile Include="13PassbyPointer2.cpp">
      <Filter>Kaynak Dosyalar\Functions</Filter>
    </ClCompile>
    <ClCompile Include="12PassingByValue.cpp">
      <Filter>Kaynak Dosyalar\Functions</Filter>
    </ClCompile>
    <ClCompile Include="14PassingByReference2.cpp">
      <Filter>Kaynak Dosyalar\Functions</Filter>
    </ClCompile>
    <ClCompile Include="15CallBackFunctions.cpp">
      <Filter>Kaynak Dosyalar\Functions</Filter>
    </ClCompile>
    <ClCompile Include="16Class.cpp">
      <Filter>Kaynak Dosyalar\OOP</Filter>
    </ClCompile>
    <ClCompile Include="17ConstructorsDestructors.cpp">
      <Filter>Kaynak Dosyalar\OOP</Filter>
    </ClCompile>
    <ClCompile Include="18StaticMembers.cpp">
      <Filter>Kaynak Dosyalar\OOP</Filter>
    </ClCompile>
    <ClCompile Include="19Inheritence.cpp">
      <Filter>Kaynak Dosyalar\OOP</Filter>
    </ClCompile>
    <ClCompile Include="20AccessControl.cpp">
      <Filter>Kaynak Dosyalar\OOP</Filter>
    </ClCompile>
    <ClCompile Include="21Encapsulation.cpp">
      <Filter>Kaynak Dosyalar\OOP</Filter>
    </ClCompile>
    <ClCompile Include="22Overloading.cpp">
      <Filter>Kaynak Dosyalar\OOP</Filter>
    </ClCompile>
    <ClCompile Include="22.2OverloadingValue.cpp">
      <Filter>Kaynak Dosyalar\OOP</Filter>
    </ClCompile>
    <ClCompile Include="22.3OverloadingConstructors.cpp">
      <Filter>Kaynak Dosyalar\OOP</Filter>
    </ClCompile>
    <ClCompile Include="23UpCast.cpp">
      <Filter>Kaynak Dosyalar\OOP</Filter>
    </ClCompile>
    <ClCompile Include="24DownCasting.cpp">
      <Filter>Kaynak Dosyalar\OOP</Filter>
    </ClCompile>
    <ClCompile Include="25Polymorphism.cpp">
      <Filter>Kaynak Dosyalar\OOP</Filter>
    </ClCompile>
    <ClCompile Include="26This.cpp">
      <Filter>Kaynak Dosyalar\OOP</Filter>
    </ClCompile>
    <ClCompile Include="27VirtualMethod.cpp">
      <Filter>Kaynak Dosyalar\OOP</Filter>
    </ClCompile>
  </ItemGroup>
</Project>